// !$*UTF8*$!
{
	archiveVersion = 1;
	classes = {
	};
	objectVersion = 50;
	objects = {

/* Begin PBXBuildFile section */
		680845DC207402A40013B006 /* Apollo.framework in Frameworks */ = {isa = PBXBuildFile; fileRef = 680845DA2074029D0013B006 /* Apollo.framework */; };
		680845DD207402A40013B006 /* Apollo.framework in Embed Frameworks */ = {isa = PBXBuildFile; fileRef = 680845DA2074029D0013B006 /* Apollo.framework */; settings = {ATTRIBUTES = (CodeSignOnCopy, RemoveHeadersOnCopy, ); }; };
		680845DE207402A40013B006 /* ApolloSQLite.framework in Frameworks */ = {isa = PBXBuildFile; fileRef = 680845D92074029D0013B006 /* ApolloSQLite.framework */; };
		680845DF207402A40013B006 /* ApolloSQLite.framework in Embed Frameworks */ = {isa = PBXBuildFile; fileRef = 680845D92074029D0013B006 /* ApolloSQLite.framework */; settings = {ATTRIBUTES = (CodeSignOnCopy, RemoveHeadersOnCopy, ); }; };
		680845E0207402A40013B006 /* SQLite.framework in Frameworks */ = {isa = PBXBuildFile; fileRef = 680845DB2074029D0013B006 /* SQLite.framework */; };
		680845E1207402A40013B006 /* SQLite.framework in Embed Frameworks */ = {isa = PBXBuildFile; fileRef = 680845DB2074029D0013B006 /* SQLite.framework */; settings = {ATTRIBUTES = (CodeSignOnCopy, RemoveHeadersOnCopy, ); }; };
		68B1D4CC20732F2D00A356E6 /* AppDelegate.swift in Sources */ = {isa = PBXBuildFile; fileRef = 68B1D4CB20732F2D00A356E6 /* AppDelegate.swift */; };
		68B1D4CE20732F2D00A356E6 /* MasterViewController.swift in Sources */ = {isa = PBXBuildFile; fileRef = 68B1D4CD20732F2D00A356E6 /* MasterViewController.swift */; };
		68B1D4D020732F2D00A356E6 /* DetailViewController.swift in Sources */ = {isa = PBXBuildFile; fileRef = 68B1D4CF20732F2D00A356E6 /* DetailViewController.swift */; };
		68B1D4D320732F2D00A356E6 /* Main.storyboard in Resources */ = {isa = PBXBuildFile; fileRef = 68B1D4D120732F2D00A356E6 /* Main.storyboard */; };
		68B1D4D520732F2E00A356E6 /* Assets.xcassets in Resources */ = {isa = PBXBuildFile; fileRef = 68B1D4D420732F2E00A356E6 /* Assets.xcassets */; };
		68B1D4D820732F2E00A356E6 /* LaunchScreen.storyboard in Resources */ = {isa = PBXBuildFile; fileRef = 68B1D4D620732F2E00A356E6 /* LaunchScreen.storyboard */; };
		68CAD5832074221B00F77E25 /* GithubAPI.swift in Sources */ = {isa = PBXBuildFile; fileRef = 68CAD5822074221B00F77E25 /* GithubAPI.swift */; };
		68CAD5852074347B00F77E25 /* token.private in Resources */ = {isa = PBXBuildFile; fileRef = 68CAD5842074347B00F77E25 /* token.private */; };
		68CAD589207434E600F77E25 /* Apollo+GitStalk.swift in Sources */ = {isa = PBXBuildFile; fileRef = 68CAD588207434E600F77E25 /* Apollo+GitStalk.swift */; };
/* End PBXBuildFile section */

/* Begin PBXCopyFilesBuildPhase section */
		680845E2207402A40013B006 /* Embed Frameworks */ = {
			isa = PBXCopyFilesBuildPhase;
			buildActionMask = 2147483647;
			dstPath = "";
			dstSubfolderSpec = 10;
			files = (
				680845DD207402A40013B006 /* Apollo.framework in Embed Frameworks */,
				680845DF207402A40013B006 /* ApolloSQLite.framework in Embed Frameworks */,
				680845E1207402A40013B006 /* SQLite.framework in Embed Frameworks */,
			);
			name = "Embed Frameworks";
			runOnlyForDeploymentPostprocessing = 0;
		};
/* End PBXCopyFilesBuildPhase section */

/* Begin PBXFileReference section */
		680845D92074029D0013B006 /* ApolloSQLite.framework */ = {isa = PBXFileReference; lastKnownFileType = wrapper.framework; path = ApolloSQLite.framework; sourceTree = BUILT_PRODUCTS_DIR; };
		680845DA2074029D0013B006 /* Apollo.framework */ = {isa = PBXFileReference; lastKnownFileType = wrapper.framework; path = Apollo.framework; sourceTree = BUILT_PRODUCTS_DIR; };
		680845DB2074029D0013B006 /* SQLite.framework */ = {isa = PBXFileReference; lastKnownFileType = wrapper.framework; path = SQLite.framework; sourceTree = BUILT_PRODUCTS_DIR; };
		68B1D4C820732F2D00A356E6 /* Repose.app */ = {isa = PBXFileReference; explicitFileType = wrapper.application; includeInIndex = 0; path = Repose.app; sourceTree = BUILT_PRODUCTS_DIR; };
		68B1D4CB20732F2D00A356E6 /* AppDelegate.swift */ = {isa = PBXFileReference; lastKnownFileType = sourcecode.swift; path = AppDelegate.swift; sourceTree = "<group>"; };
		68B1D4CD20732F2D00A356E6 /* MasterViewController.swift */ = {isa = PBXFileReference; lastKnownFileType = sourcecode.swift; path = MasterViewController.swift; sourceTree = "<group>"; };
		68B1D4CF20732F2D00A356E6 /* DetailViewController.swift */ = {isa = PBXFileReference; lastKnownFileType = sourcecode.swift; path = DetailViewController.swift; sourceTree = "<group>"; };
		68B1D4D220732F2D00A356E6 /* Base */ = {isa = PBXFileReference; lastKnownFileType = file.storyboard; name = Base; path = Base.lproj/Main.storyboard; sourceTree = "<group>"; };
		68B1D4D420732F2E00A356E6 /* Assets.xcassets */ = {isa = PBXFileReference; lastKnownFileType = folder.assetcatalog; path = Assets.xcassets; sourceTree = "<group>"; };
		68B1D4D720732F2E00A356E6 /* Base */ = {isa = PBXFileReference; lastKnownFileType = file.storyboard; name = Base; path = Base.lproj/LaunchScreen.storyboard; sourceTree = "<group>"; };
		68B1D4D920732F2E00A356E6 /* Info.plist */ = {isa = PBXFileReference; lastKnownFileType = text.plist.xml; path = Info.plist; sourceTree = "<group>"; };
		68CAD57B20741ADE00F77E25 /* github.json */ = {isa = PBXFileReference; lastKnownFileType = text.json; path = github.json; sourceTree = "<group>"; };
		68CAD57C20741ADE00F77E25 /* github.graphql */ = {isa = PBXFileReference; lastKnownFileType = text; path = github.graphql; sourceTree = "<group>"; };
		68CAD5822074221B00F77E25 /* GithubAPI.swift */ = {isa = PBXFileReference; fileEncoding = 4; lastKnownFileType = sourcecode.swift; path = GithubAPI.swift; sourceTree = "<group>"; };
		68CAD5842074347B00F77E25 /* token.private */ = {isa = PBXFileReference; lastKnownFileType = text; path = token.private; sourceTree = "<group>"; };
		68CAD588207434E600F77E25 /* Apollo+GitStalk.swift */ = {isa = PBXFileReference; lastKnownFileType = sourcecode.swift; path = "Apollo+GitStalk.swift"; sourceTree = "<group>"; };
/* End PBXFileReference section */

/* Begin PBXFrameworksBuildPhase section */
		68B1D4C520732F2D00A356E6 /* Frameworks */ = {
			isa = PBXFrameworksBuildPhase;
			buildActionMask = 2147483647;
			files = (
				680845DC207402A40013B006 /* Apollo.framework in Frameworks */,
				680845DE207402A40013B006 /* ApolloSQLite.framework in Frameworks */,
				680845E0207402A40013B006 /* SQLite.framework in Frameworks */,
			);
			runOnlyForDeploymentPostprocessing = 0;
		};
/* End PBXFrameworksBuildPhase section */

/* Begin PBXGroup section */
		680845D8207402840013B006 /* Frameworks */ = {
			isa = PBXGroup;
			children = (
				680845DA2074029D0013B006 /* Apollo.framework */,
				680845D92074029D0013B006 /* ApolloSQLite.framework */,
				680845DB2074029D0013B006 /* SQLite.framework */,
			);
			name = Frameworks;
			path = Repose;
			sourceTree = "<group>";
		};
		68B1D4BF20732F2D00A356E6 = {
			isa = PBXGroup;
			children = (
				68B1D4CA20732F2D00A356E6 /* Repose */,
				680845D8207402840013B006 /* Frameworks */,
				68B1D4C920732F2D00A356E6 /* Products */,
			);
			sourceTree = "<group>";
		};
		68B1D4C920732F2D00A356E6 /* Products */ = {
			isa = PBXGroup;
			children = (
				68B1D4C820732F2D00A356E6 /* Repose.app */,
			);
			name = Products;
			sourceTree = "<group>";
		};
		68B1D4CA20732F2D00A356E6 /* Repose */ = {
			isa = PBXGroup;
			children = (
				68CAD57A20741AA600F77E25 /* API */,
				68B1D4CB20732F2D00A356E6 /* AppDelegate.swift */,
				68B1D4CD20732F2D00A356E6 /* MasterViewController.swift */,
				68B1D4CF20732F2D00A356E6 /* DetailViewController.swift */,
				68B1D4D120732F2D00A356E6 /* Main.storyboard */,
				68B1D4D420732F2E00A356E6 /* Assets.xcassets */,
				68B1D4D620732F2E00A356E6 /* LaunchScreen.storyboard */,
				68B1D4D920732F2E00A356E6 /* Info.plist */,
			);
			path = Repose;
			sourceTree = "<group>";
		};
		68CAD57A20741AA600F77E25 /* API */ = {
			isa = PBXGroup;
			children = (
				68CAD5822074221B00F77E25 /* GithubAPI.swift */,
				68CAD57B20741ADE00F77E25 /* github.json */,
				68CAD57C20741ADE00F77E25 /* github.graphql */,
				68CAD5842074347B00F77E25 /* token.private */,
				68CAD588207434E600F77E25 /* Apollo+GitStalk.swift */,
			);
			path = API;
			sourceTree = "<group>";
		};
/* End PBXGroup section */

/* Begin PBXNativeTarget section */
		68B1D4C720732F2D00A356E6 /* Repose */ = {
			isa = PBXNativeTarget;
			buildConfigurationList = 68B1D4DC20732F2E00A356E6 /* Build configuration list for PBXNativeTarget "Repose" */;
			buildPhases = (
				68CAD58120741FFA00F77E25 /* ShellScript */,
				68B1D4C420732F2D00A356E6 /* Sources */,
				68B1D4C520732F2D00A356E6 /* Frameworks */,
				68B1D4C620732F2D00A356E6 /* Resources */,
				680845E2207402A40013B006 /* Embed Frameworks */,
			);
			buildRules = (
			);
			dependencies = (
			);
			name = Repose;
			productName = Repose;
			productReference = 68B1D4C820732F2D00A356E6 /* Repose.app */;
			productType = "com.apple.product-type.application";
		};
/* End PBXNativeTarget section */

/* Begin PBXProject section */
		68B1D4C020732F2D00A356E6 /* Project object */ = {
			isa = PBXProject;
			attributes = {
				LastSwiftUpdateCheck = 0930;
				LastUpgradeCheck = 0930;
				ORGANIZATIONNAME = "Derrick Hathaway";
				TargetAttributes = {
					68B1D4C720732F2D00A356E6 = {
						CreatedOnToolsVersion = 9.3;
					};
				};
			};
			buildConfigurationList = 68B1D4C320732F2D00A356E6 /* Build configuration list for PBXProject "Repose" */;
			compatibilityVersion = "Xcode 9.3";
			developmentRegion = en;
			hasScannedForEncodings = 0;
			knownRegions = (
				en,
				Base,
			);
			mainGroup = 68B1D4BF20732F2D00A356E6;
			productRefGroup = 68B1D4C920732F2D00A356E6 /* Products */;
			projectDirPath = "";
			projectRoot = "";
			targets = (
				68B1D4C720732F2D00A356E6 /* Repose */,
			);
		};
/* End PBXProject section */

/* Begin PBXResourcesBuildPhase section */
		68B1D4C620732F2D00A356E6 /* Resources */ = {
			isa = PBXResourcesBuildPhase;
			buildActionMask = 2147483647;
			files = (
				68B1D4D820732F2E00A356E6 /* LaunchScreen.storyboard in Resources */,
				68B1D4D520732F2E00A356E6 /* Assets.xcassets in Resources */,
				68B1D4D320732F2D00A356E6 /* Main.storyboard in Resources */,
				68CAD5852074347B00F77E25 /* token.private in Resources */,
			);
			runOnlyForDeploymentPostprocessing = 0;
		};
/* End PBXResourcesBuildPhase section */

/* Begin PBXShellScriptBuildPhase section */
		68CAD58120741FFA00F77E25 /* ShellScript */ = {
			isa = PBXShellScriptBuildPhase;
			buildActionMask = 2147483647;
			files = (
			);
			inputPaths = (
			);
			outputPaths = (
			);
			runOnlyForDeploymentPostprocessing = 0;
			shellPath = /bin/sh;
			shellScript = "APOLLO_FRAMEWORK_PATH=\"$(eval find $FRAMEWORK_SEARCH_PATHS -name \"Apollo.framework\" -maxdepth 1)\"\n\nif [ -z \"$APOLLO_FRAMEWORK_PATH\" ]; then\necho \"error: Couldn't find Apollo.framework in FRAMEWORK_SEARCH_PATHS; make sure to add the framework to your project.\"\nexit 1\nfi\n\ncd \"${SRCROOT}/${TARGET_NAME}/API\"\n$APOLLO_FRAMEWORK_PATH/check-and-run-apollo-codegen.sh \\\n    generate github.graphql \\\n    --schema github.json \\\n    --output GithubAPI.swift\n";
		};
/* End PBXShellScriptBuildPhase section */

/* Begin PBXSourcesBuildPhase section */
		68B1D4C420732F2D00A356E6 /* Sources */ = {
			isa = PBXSourcesBuildPhase;
			buildActionMask = 2147483647;
			files = (
				68CAD589207434E600F77E25 /* Apollo+GitStalk.swift in Sources */,
				68B1D4D020732F2D00A356E6 /* DetailViewController.swift in Sources */,
				68B1D4CE20732F2D00A356E6 /* MasterViewController.swift in Sources */,
				68B1D4CC20732F2D00A356E6 /* AppDelegate.swift in Sources */,
				68CAD5832074221B00F77E25 /* GithubAPI.swift in Sources */,
			);
			runOnlyForDeploymentPostprocessing = 0;
		};
/* End PBXSourcesBuildPhase section */

/* Begin PBXVariantGroup section */
		68B1D4D120732F2D00A356E6 /* Main.storyboard */ = {
			isa = PBXVariantGroup;
			children = (
				68B1D4D220732F2D00A356E6 /* Base */,
			);
			name = Main.storyboard;
			sourceTree = "<group>";
		};
		68B1D4D620732F2E00A356E6 /* LaunchScreen.storyboard */ = {
			isa = PBXVariantGroup;
			children = (
				68B1D4D720732F2E00A356E6 /* Base */,
			);
			name = LaunchScreen.storyboard;
			sourceTree = "<group>";
		};
/* End PBXVariantGroup section */

/* Begin XCBuildConfiguration section */
		68B1D4DA20732F2E00A356E6 /* Debug */ = {
			isa = XCBuildConfiguration;
			buildSettings = {
				ALWAYS_SEARCH_USER_PATHS = NO;
				CLANG_ANALYZER_NONNULL = YES;
				CLANG_ANALYZER_NUMBER_OBJECT_CONVERSION = YES_AGGRESSIVE;
				CLANG_CXX_LANGUAGE_STANDARD = "gnu++14";
				CLANG_CXX_LIBRARY = "libc++";
				CLANG_ENABLE_MODULES = YES;
				CLANG_ENABLE_OBJC_ARC = YES;
				CLANG_ENABLE_OBJC_WEAK = YES;
				CLANG_WARN_BLOCK_CAPTURE_AUTORELEASING = YES;
				CLANG_WARN_BOOL_CONVERSION = YES;
				CLANG_WARN_COMMA = YES;
				CLANG_WARN_CONSTANT_CONVERSION = YES;
				CLANG_WARN_DEPRECATED_OBJC_IMPLEMENTATIONS = YES;
				CLANG_WARN_DIRECT_OBJC_ISA_USAGE = YES_ERROR;
				CLANG_WARN_DOCUMENTATION_COMMENTS = YES;
				CLANG_WARN_EMPTY_BODY = YES;
				CLANG_WARN_ENUM_CONVERSION = YES;
				CLANG_WARN_INFINITE_RECURSION = YES;
				CLANG_WARN_INT_CONVERSION = YES;
				CLANG_WARN_NON_LITERAL_NULL_CONVERSION = YES;
				CLANG_WARN_OBJC_IMPLICIT_RETAIN_SELF = YES;
				CLANG_WARN_OBJC_LITERAL_CONVERSION = YES;
				CLANG_WARN_OBJC_ROOT_CLASS = YES_ERROR;
				CLANG_WARN_RANGE_LOOP_ANALYSIS = YES;
				CLANG_WARN_STRICT_PROTOTYPES = YES;
				CLANG_WARN_SUSPICIOUS_MOVE = YES;
				CLANG_WARN_UNGUARDED_AVAILABILITY = YES_AGGRESSIVE;
				CLANG_WARN_UNREACHABLE_CODE = YES;
				CLANG_WARN__DUPLICATE_METHOD_MATCH = YES;
				CODE_SIGN_IDENTITY = "iPhone Developer";
				COPY_PHASE_STRIP = NO;
				DEBUG_INFORMATION_FORMAT = dwarf;
				ENABLE_STRICT_OBJC_MSGSEND = YES;
				ENABLE_TESTABILITY = YES;
				GCC_C_LANGUAGE_STANDARD = gnu11;
				GCC_DYNAMIC_NO_PIC = NO;
				GCC_NO_COMMON_BLOCKS = YES;
				GCC_OPTIMIZATION_LEVEL = 0;
				GCC_PREPROCESSOR_DEFINITIONS = (
					"DEBUG=1",
					"$(inherited)",
				);
				GCC_WARN_64_TO_32_BIT_CONVERSION = YES;
				GCC_WARN_ABOUT_RETURN_TYPE = YES_ERROR;
				GCC_WARN_UNDECLARED_SELECTOR = YES;
				GCC_WARN_UNINITIALIZED_AUTOS = YES_AGGRESSIVE;
				GCC_WARN_UNUSED_FUNCTION = YES;
				GCC_WARN_UNUSED_VARIABLE = YES;
				IPHONEOS_DEPLOYMENT_TARGET = 11.3;
				MTL_ENABLE_DEBUG_INFO = YES;
				ONLY_ACTIVE_ARCH = YES;
				SDKROOT = iphoneos;
				SWIFT_ACTIVE_COMPILATION_CONDITIONS = DEBUG;
				SWIFT_OPTIMIZATION_LEVEL = "-Onone";
			};
			name = Debug;
		};
		68B1D4DB20732F2E00A356E6 /* Release */ = {
			isa = XCBuildConfiguration;
			buildSettings = {
				ALWAYS_SEARCH_USER_PATHS = NO;
				CLANG_ANALYZER_NONNULL = YES;
				CLANG_ANALYZER_NUMBER_OBJECT_CONVERSION = YES_AGGRESSIVE;
				CLANG_CXX_LANGUAGE_STANDARD = "gnu++14";
				CLANG_CXX_LIBRARY = "libc++";
				CLANG_ENABLE_MODULES = YES;
				CLANG_ENABLE_OBJC_ARC = YES;
				CLANG_ENABLE_OBJC_WEAK = YES;
				CLANG_WARN_BLOCK_CAPTURE_AUTORELEASING = YES;
				CLANG_WARN_BOOL_CONVERSION = YES;
				CLANG_WARN_COMMA = YES;
				CLANG_WARN_CONSTANT_CONVERSION = YES;
				CLANG_WARN_DEPRECATED_OBJC_IMPLEMENTATIONS = YES;
				CLANG_WARN_DIRECT_OBJC_ISA_USAGE = YES_ERROR;
				CLANG_WARN_DOCUMENTATION_COMMENTS = YES;
				CLANG_WARN_EMPTY_BODY = YES;
				CLANG_WARN_ENUM_CONVERSION = YES;
				CLANG_WARN_INFINITE_RECURSION = YES;
				CLANG_WARN_INT_CONVERSION = YES;
				CLANG_WARN_NON_LITERAL_NULL_CONVERSION = YES;
				CLANG_WARN_OBJC_IMPLICIT_RETAIN_SELF = YES;
				CLANG_WARN_OBJC_LITERAL_CONVERSION = YES;
				CLANG_WARN_OBJC_ROOT_CLASS = YES_ERROR;
				CLANG_WARN_RANGE_LOOP_ANALYSIS = YES;
				CLANG_WARN_STRICT_PROTOTYPES = YES;
				CLANG_WARN_SUSPICIOUS_MOVE = YES;
				CLANG_WARN_UNGUARDED_AVAILABILITY = YES_AGGRESSIVE;
				CLANG_WARN_UNREACHABLE_CODE = YES;
				CLANG_WARN__DUPLICATE_METHOD_MATCH = YES;
				CODE_SIGN_IDENTITY = "iPhone Developer";
				COPY_PHASE_STRIP = NO;
				DEBUG_INFORMATION_FORMAT = "dwarf-with-dsym";
				ENABLE_NS_ASSERTIONS = NO;
				ENABLE_STRICT_OBJC_MSGSEND = YES;
				GCC_C_LANGUAGE_STANDARD = gnu11;
				GCC_NO_COMMON_BLOCKS = YES;
				GCC_WARN_64_TO_32_BIT_CONVERSION = YES;
				GCC_WARN_ABOUT_RETURN_TYPE = YES_ERROR;
				GCC_WARN_UNDECLARED_SELECTOR = YES;
				GCC_WARN_UNINITIALIZED_AUTOS = YES_AGGRESSIVE;
				GCC_WARN_UNUSED_FUNCTION = YES;
				GCC_WARN_UNUSED_VARIABLE = YES;
				IPHONEOS_DEPLOYMENT_TARGET = 11.3;
				MTL_ENABLE_DEBUG_INFO = NO;
				SDKROOT = iphoneos;
				SWIFT_COMPILATION_MODE = wholemodule;
				SWIFT_OPTIMIZATION_LEVEL = "-O";
				VALIDATE_PRODUCT = YES;
			};
			name = Release;
		};
		68B1D4DD20732F2E00A356E6 /* Debug */ = {
			isa = XCBuildConfiguration;
			buildSettings = {
				ASSETCATALOG_COMPILER_APPICON_NAME = AppIcon;
				CODE_SIGN_STYLE = Automatic;
				DEVELOPMENT_TEAM = 9549F82KKM;
				INFOPLIST_FILE = Repose/Info.plist;
				LD_RUNPATH_SEARCH_PATHS = (
					"$(inherited)",
					"@executable_path/Frameworks",
				);
				PRODUCT_BUNDLE_IDENTIFIER = com.derrh.Repose;
				PRODUCT_NAME = "$(TARGET_NAME)";
				SWIFT_VERSION = 4.0;
				TARGETED_DEVICE_FAMILY = "1,2";
			};
			name = Debug;
		};
		68B1D4DE20732F2E00A356E6 /* Release */ = {
			isa = XCBuildConfiguration;
			buildSettings = {
				ASSETCATALOG_COMPILER_APPICON_NAME = AppIcon;
				CODE_SIGN_STYLE = Automatic;
				DEVELOPMENT_TEAM = 9549F82KKM;
				INFOPLIST_FILE = Repose/Info.plist;
				LD_RUNPATH_SEARCH_PATHS = (
					"$(inherited)",
					"@executable_path/Frameworks",
				);
				PRODUCT_BUNDLE_IDENTIFIER = com.derrh.Repose;
				PRODUCT_NAME = "$(TARGET_NAME)";
				SWIFT_VERSION = 4.0;
				TARGETED_DEVICE_FAMILY = "1,2";
			};
			name = Release;
		};
/* End XCBuildConfiguration section */

/* Begin XCConfigurationList section */
		68B1D4C320732F2D00A356E6 /* Build configuration list for PBXProject "Repose" */ = {
			isa = XCConfigurationList;
			buildConfigurations = (
				68B1D4DA20732F2E00A356E6 /* Debug */,
				68B1D4DB20732F2E00A356E6 /* Release */,
			);
			defaultConfigurationIsVisible = 0;
			defaultConfigurationName = Release;
		};
		68B1D4DC20732F2E00A356E6 /* Build configuration list for PBXNativeTarget "Repose" */ = {
			isa = XCConfigurationList;
			buildConfigurations = (
				68B1D4DD20732F2E00A356E6 /* Debug */,
				68B1D4DE20732F2E00A356E6 /* Release */,
			);
			defaultConfigurationIsVisible = 0;
			defaultConfigurationName = Release;
		};
/* End XCConfigurationList section */
	};
	rootObject = 68B1D4C020732F2D00A356E6 /* Project object */;
}
